// !$*UTF8*$!
{
	archiveVersion = 1;
	classes = {
	};
	objectVersion = 46;
	objects = {

/* Begin PBXBuildFile section */
		C66663331E37294F0091E32F /* AppDelegate.swift in Sources */ = {isa = PBXBuildFile; fileRef = C66663321E37294F0091E32F /* AppDelegate.swift */; };
		C66663351E37294F0091E32F /* ViewController.swift in Sources */ = {isa = PBXBuildFile; fileRef = C66663341E37294F0091E32F /* ViewController.swift */; };
		C66663381E37294F0091E32F /* Main.storyboard in Resources */ = {isa = PBXBuildFile; fileRef = C66663361E37294F0091E32F /* Main.storyboard */; };
		C666633A1E37294F0091E32F /* Assets.xcassets in Resources */ = {isa = PBXBuildFile; fileRef = C66663391E37294F0091E32F /* Assets.xcassets */; };
		C666633D1E37294F0091E32F /* LaunchScreen.storyboard in Resources */ = {isa = PBXBuildFile; fileRef = C666633B1E37294F0091E32F /* LaunchScreen.storyboard */; };
		C66663451E3729BF0091E32F /* MaterialTapTargetPrompt.swift in Sources */ = {isa = PBXBuildFile; fileRef = C66663441E3729BF0091E32F /* MaterialTapTargetPrompt.swift */; };
		C6AC85801E37781000AB6960 /* screenshot.png in Resources */ = {isa = PBXBuildFile; fileRef = C6AC857F1E37781000AB6960 /* screenshot.png */; };
/* End PBXBuildFile section */

/* Begin PBXFileReference section */
		C666632F1E37294F0091E32F /* MaterialTapTargetPrompt.app */ = {isa = PBXFileReference; explicitFileType = wrapper.application; includeInIndex = 0; path = MaterialTapTargetPrompt.app; sourceTree = BUILT_PRODUCTS_DIR; };
		C66663321E37294F0091E32F /* AppDelegate.swift */ = {isa = PBXFileReference; lastKnownFileType = sourcecode.swift; path = AppDelegate.swift; sourceTree = "<group>"; };
		C66663341E37294F0091E32F /* ViewController.swift */ = {isa = PBXFileReference; lastKnownFileType = sourcecode.swift; path = ViewController.swift; sourceTree = "<group>"; };
		C66663371E37294F0091E32F /* Base */ = {isa = PBXFileReference; lastKnownFileType = file.storyboard; name = Base; path = Base.lproj/Main.storyboard; sourceTree = "<group>"; };
		C66663391E37294F0091E32F /* Assets.xcassets */ = {isa = PBXFileReference; lastKnownFileType = folder.assetcatalog; path = Assets.xcassets; sourceTree = "<group>"; };
		C666633C1E37294F0091E32F /* Base */ = {isa = PBXFileReference; lastKnownFileType = file.storyboard; name = Base; path = Base.lproj/LaunchScreen.storyboard; sourceTree = "<group>"; };
		C666633E1E37294F0091E32F /* Info.plist */ = {isa = PBXFileReference; lastKnownFileType = text.plist.xml; path = Info.plist; sourceTree = "<group>"; };
		C66663441E3729BF0091E32F /* MaterialTapTargetPrompt.swift */ = {isa = PBXFileReference; fileEncoding = 4; lastKnownFileType = sourcecode.swift; path = MaterialTapTargetPrompt.swift; sourceTree = "<group>"; };
		C6AC857F1E37781000AB6960 /* screenshot.png */ = {isa = PBXFileReference; lastKnownFileType = image.png; path = screenshot.png; sourceTree = "<group>"; };
/* End PBXFileReference section */

/* Begin PBXFrameworksBuildPhase section */
		C666632C1E37294F0091E32F /* Frameworks */ = {
			isa = PBXFrameworksBuildPhase;
			buildActionMask = 2147483647;
			files = (
			);
			runOnlyForDeploymentPostprocessing = 0;
		};
/* End PBXFrameworksBuildPhase section */

/* Begin PBXGroup section */
		C66663261E37294F0091E32F = {
			isa = PBXGroup;
			children = (
				C66663311E37294F0091E32F /* MaterialTapTargetPrompt */,
				C66663301E37294F0091E32F /* Products */,
			);
			sourceTree = "<group>";
		};
		C66663301E37294F0091E32F /* Products */ = {
			isa = PBXGroup;
			children = (
				C666632F1E37294F0091E32F /* MaterialTapTargetPrompt.app */,
			);
			name = Products;
			sourceTree = "<group>";
		};
		C66663311E37294F0091E32F /* MaterialTapTargetPrompt */ = {
			isa = PBXGroup;
			children = (
				C66663321E37294F0091E32F /* AppDelegate.swift */,
				C66663341E37294F0091E32F /* ViewController.swift */,
				C66663441E3729BF0091E32F /* MaterialTapTargetPrompt.swift */,
				C66663361E37294F0091E32F /* Main.storyboard */,
				C66663391E37294F0091E32F /* Assets.xcassets */,
				C666633B1E37294F0091E32F /* LaunchScreen.storyboard */,
				C666633E1E37294F0091E32F /* Info.plist */,
				C6AC857F1E37781000AB6960 /* screenshot.png */,
			);
			path = MaterialTapTargetPrompt;
			sourceTree = "<group>";
		};
/* End PBXGroup section */

/* Begin PBXNativeTarget section */
		C666632E1E37294F0091E32F /* MaterialTapTargetPrompt */ = {
			isa = PBXNativeTarget;
			buildConfigurationList = C66663411E37294F0091E32F /* Build configuration list for PBXNativeTarget "MaterialTapTargetPrompt" */;
			buildPhases = (
				C666632B1E37294F0091E32F /* Sources */,
				C666632C1E37294F0091E32F /* Frameworks */,
				C666632D1E37294F0091E32F /* Resources */,
			);
			buildRules = (
			);
			dependencies = (
			);
			name = MaterialTapTargetPrompt;
			productName = MaterialTapTargetPrompt;
			productReference = C666632F1E37294F0091E32F /* MaterialTapTargetPrompt.app */;
			productType = "com.apple.product-type.application";
		};
/* End PBXNativeTarget section */

/* Begin PBXProject section */
		C66663271E37294F0091E32F /* Project object */ = {
			isa = PBXProject;
			attributes = {
				LastSwiftUpdateCheck = 0820;
				LastUpgradeCheck = 0820;
				ORGANIZATIONNAME = "abedalkareem omreyh";
				TargetAttributes = {
					C666632E1E37294F0091E32F = {
						CreatedOnToolsVersion = 8.2.1;
						DevelopmentTeam = P86FRML4RH;
						ProvisioningStyle = Automatic;
					};
				};
			};
			buildConfigurationList = C666632A1E37294F0091E32F /* Build configuration list for PBXProject "MaterialTapTargetPrompt" */;
			compatibilityVersion = "Xcode 3.2";
			developmentRegion = English;
			hasScannedForEncodings = 0;
			knownRegions = (
				en,
				Base,
			);
			mainGroup = C66663261E37294F0091E32F;
			productRefGroup = C66663301E37294F0091E32F /* Products */;
			projectDirPath = "";
			projectRoot = "";
			targets = (
				C666632E1E37294F0091E32F /* MaterialTapTargetPrompt */,
			);
		};
/* End PBXProject section */

/* Begin PBXResourcesBuildPhase section */
		C666632D1E37294F0091E32F /* Resources */ = {
			isa = PBXResourcesBuildPhase;
			buildActionMask = 2147483647;
			files = (
				C666633D1E37294F0091E32F /* LaunchScreen.storyboard in Resources */,
				C666633A1E37294F0091E32F /* Assets.xcassets in Resources */,
				C66663381E37294F0091E32F /* Main.storyboard in Resources */,
				C6AC85801E37781000AB6960 /* screenshot.png in Resources */,
			);
			runOnlyForDeploymentPostprocessing = 0;
		};
/* End PBXResourcesBuildPhase section */

/* Begin PBXSourcesBuildPhase section */
		C666632B1E37294F0091E32F /* Sources */ = {
			isa = PBXSourcesBuildPhase;
			buildActionMask = 2147483647;
			files = (
				C66663351E37294F0091E32F /* ViewController.swift in Sources */,
				C66663451E3729BF0091E32F /* MaterialTapTargetPrompt.swift in Sources */,
				C66663331E37294F0091E32F /* AppDelegate.swift in Sources */,
			);
			runOnlyForDeploymentPostprocessing = 0;
		};
/* End PBXSourcesBuildPhase section */

/* Begin PBXVariantGroup section */
		C66663361E37294F0091E32F /* Main.storyboard */ = {
			isa = PBXVariantGroup;
			children = (
				C66663371E37294F0091E32F /* Base */,
			);
			name = Main.storyboard;
			sourceTree = "<group>";
		};
		C666633B1E37294F0091E32F /* LaunchScreen.storyboard */ = {
			isa = PBXVariantGroup;
			children = (
				C666633C1E37294F0091E32F /* Base */,
			);
			name = LaunchScreen.storyboard;
			sourceTree = "<group>";
		};
/* End PBXVariantGroup section */

/* Begin XCBuildConfiguration section */
		C666633F1E37294F0091E32F /* Debug */ = {
			isa = XCBuildConfiguration;
			buildSettings = {
				ALWAYS_SEARCH_USER_PATHS = NO;
				CLANG_ANALYZER_NONNULL = YES;
				CLANG_CXX_LANGUAGE_STANDARD = "gnu++0x";
				CLANG_CXX_LIBRARY = "libc++";
				CLANG_ENABLE_MODULES = YES;
				CLANG_ENABLE_OBJC_ARC = YES;
				CLANG_WARN_BOOL_CONVERSION = YES;
				CLANG_WARN_CONSTANT_CONVERSION = YES;
				CLANG_WARN_DIRECT_OBJC_ISA_USAGE = YES_ERROR;
				CLANG_WARN_DOCUMENTATION_COMMENTS = YES;
				CLANG_WARN_EMPTY_BODY = YES;
				CLANG_WARN_ENUM_CONVERSION = YES;
				CLANG_WARN_INFINITE_RECURSION = YES;
				CLANG_WARN_INT_CONVERSION = YES;
				CLANG_WARN_OBJC_ROOT_CLASS = YES_ERROR;
				CLANG_WARN_SUSPICIOUS_MOVE = YES;
				CLANG_WARN_UNREACHABLE_CODE = YES;
				CLANG_WARN__DUPLICATE_METHOD_MATCH = YES;
				"CODE_SIGN_IDENTITY[sdk=iphoneos*]" = "iPhone Developer";
				COPY_PHASE_STRIP = NO;
				DEBUG_INFORMATION_FORMAT = dwarf;
				ENABLE_STRICT_OBJC_MSGSEND = YES;
				ENABLE_TESTABILITY = YES;
				GCC_C_LANGUAGE_STANDARD = gnu99;
				GCC_DYNAMIC_NO_PIC = NO;
				GCC_NO_COMMON_BLOCKS = YES;
				GCC_OPTIMIZATION_LEVEL = 0;
				GCC_PREPROCESSOR_DEFINITIONS = (
					"DEBUG=1",
					"$(inherited)",
				);
				GCC_WARN_64_TO_32_BIT_CONVERSION = YES;
				GCC_WARN_ABOUT_RETURN_TYPE = YES_ERROR;
				GCC_WARN_UNDECLARED_SELECTOR = YES;
				GCC_WARN_UNINITIALIZED_AUTOS = YES_AGGRESSIVE;
				GCC_WARN_UNUSED_FUNCTION = YES;
				GCC_WARN_UNUSED_VARIABLE = YES;
				IPHONEOS_DEPLOYMENT_TARGET = 10.2;
				MTL_ENABLE_DEBUG_INFO = YES;
				ONLY_ACTIVE_ARCH = YES;
				SDKROOT = iphoneos;
				SWIFT_ACTIVE_COMPILATION_CONDITIONS = DEBUG;
				SWIFT_OPTIMIZATION_LEVEL = "-Onone";
				TARGETED_DEVICE_FAMILY = "1,2";
			};
			name = Debug;
		};
		C66663401E37294F0091E32F /* Release */ = {
			isa = XCBuildConfiguration;
			buildSettings = {
				ALWAYS_SEARCH_USER_PATHS = NO;
				CLANG_ANALYZER_NONNULL = YES;
				CLANG_CXX_LANGUAGE_STANDARD = "gnu++0x";
				CLANG_CXX_LIBRARY = "libc++";
				CLANG_ENABLE_MODULES = YES;
				CLANG_ENABLE_OBJC_ARC = YES;
				CLANG_WARN_BOOL_CONVERSION = YES;
				CLANG_WARN_CONSTANT_CONVERSION = YES;
				CLANG_WARN_DIRECT_OBJC_ISA_USAGE = YES_ERROR;
				CLANG_WARN_DOCUMENTATION_COMMENTS = YES;
				CLANG_WARN_EMPTY_BODY = YES;
				CLANG_WARN_ENUM_CONVERSION = YES;
				CLANG_WARN_INFINITE_RECURSION = YES;
				CLANG_WARN_INT_CONVERSION = YES;
				CLANG_WARN_OBJC_ROOT_CLASS = YES_ERROR;
				CLANG_WARN_SUSPICIOUS_MOVE = YES;
				CLANG_WARN_UNREACHABLE_CODE = YES;
				CLANG_WARN__DUPLICATE_METHOD_MATCH = YES;
				"CODE_SIGN_IDENTITY[sdk=iphoneos*]" = "iPhone Developer";
				COPY_PHASE_STRIP = NO;
				DEBUG_INFORMATION_FORMAT = "dwarf-with-dsym";
				ENABLE_NS_ASSERTIONS = NO;
				ENABLE_STRICT_OBJC_MSGSEND = YES;
				GCC_C_LANGUAGE_STANDARD = gnu99;
				GCC_NO_COMMON_BLOCKS = YES;
				GCC_WARN_64_TO_32_BIT_CONVERSION = YES;
				GCC_WARN_ABOUT_RETURN_TYPE = YES_ERROR;
				GCC_WARN_UNDECLARED_SELECTOR = YES;
				GCC_WARN_UNINITIALIZED_AUTOS = YES_AGGRESSIVE;
				GCC_WARN_UNUSED_FUNCTION = YES;
				GCC_WARN_UNUSED_VARIABLE = YES;
				IPHONEOS_DEPLOYMENT_TARGET = 10.2;
				MTL_ENABLE_DEBUG_INFO = NO;
				SDKROOT = iphoneos;
				SWIFT_OPTIMIZATION_LEVEL = "-Owholemodule";
				TARGETED_DEVICE_FAMILY = "1,2";
				VALIDATE_PRODUCT = YES;
			};
			name = Release;
		};
		C66663421E37294F0091E32F /* Debug */ = {
			isa = XCBuildConfiguration;
			buildSettings = {
				ASSETCATALOG_COMPILER_APPICON_NAME = AppIcon;
				DEVELOPMENT_TEAM = P86FRML4RH;
				INFOPLIST_FILE = MaterialTapTargetPrompt/Info.plist;
				IPHONEOS_DEPLOYMENT_TARGET = 10.1;
				LD_RUNPATH_SEARCH_PATHS = "$(inherited) @executable_path/Frameworks";
				PRODUCT_BUNDLE_IDENTIFIER = com.jostudio.MaterialTapTargetPrompt;
				PRODUCT_NAME = "$(TARGET_NAME)";
				SWIFT_VERSION = 3.0;
			};
			name = Debug;
		};
		C66663431E37294F0091E32F /* Release */ = {
			isa = XCBuildConfiguration;
			buildSettings = {
				ASSETCATALOG_COMPILER_APPICON_NAME = AppIcon;
				DEVELOPMENT_TEAM = P86FRML4RH;
				INFOPLIST_FILE = MaterialTapTargetPrompt/Info.plist;
				IPHONEOS_DEPLOYMENT_TARGET = 10.1;
				LD_RUNPATH_SEARCH_PATHS = "$(inherited) @executable_path/Frameworks";
				PRODUCT_BUNDLE_IDENTIFIER = com.jostudio.MaterialTapTargetPrompt;
				PRODUCT_NAME = "$(TARGET_NAME)";
				SWIFT_VERSION = 3.0;
			};
			name = Release;
		};
/* End XCBuildConfiguration section */

/* Begin XCConfigurationList section */
		C666632A1E37294F0091E32F /* Build configuration list for PBXProject "MaterialTapTargetPrompt" */ = {
			isa = XCConfigurationList;
			buildConfigurations = (
				C666633F1E37294F0091E32F /* Debug */,
				C66663401E37294F0091E32F /* Release */,
			);
			defaultConfigurationIsVisible = 0;
			defaultConfigurationName = Release;
		};
		C66663411E37294F0091E32F /* Build configuration list for PBXNativeTarget "MaterialTapTargetPrompt" */ = {
			isa = XCConfigurationList;
			buildConfigurations = (
				C66663421E37294F0091E32F /* Debug */,
				C66663431E37294F0091E32F /* Release */,
			);
			defaultConfigurationIsVisible = 0;
			defaultConfigurationName = Release;
		};
/* End XCConfigurationList section */
	};
	rootObject = C66663271E37294F0091E32F /* Project object */;
}
